
Microsoft Visual Studio Solution File, Format Version 12.00
# Visual Studio Version 17
VisualStudioVersion = 17.10.35004.147
MinimumVisualStudioVersion = 10.0.40219.1
Project("{9A19103F-16F7-4668-BE54-9A1E7A4F7556}") = "Antiplagiarism", "Antiplagiarism.csproj", "{F80C684C-665F-48E2-92B5-672872F37A15}"
EndProject
Global
	GlobalSection(SolutionConfigurationPlatforms) = preSolution
		Debug|Any CPU = Debug|Any CPU
		Release|Any CPU = Release|Any CPU
	EndGlobalSection
	GlobalSection(ProjectConfigurationPlatforms) = postSolution
		{F80C684C-665F-48E2-92B5-672872F37A15}.Debug|Any CPU.ActiveCfg = Debug|Any CPU
		{F80C684C-665F-48E2-92B5-672872F37A15}.Debug|Any CPU.Build.0 = Debug|Any CPU
		{F80C684C-665F-48E2-92B5-672872F37A15}.Release|Any CPU.ActiveCfg = Release|Any CPU
		{F80C684C-665F-48E2-92B5-672872F37A15}.Release|Any CPU.Build.0 = Release|Any CPU
	EndGlobalSection
	GlobalSection(SolutionProperties) = preSolution
		HideSolutionNode = FALSE
	EndGlobalSection
	GlobalSection(ExtensibilityGlobals) = postSolution
		SolutionGuid = {FA6B5D4D-5206-4638-A660-497B65810C81}
	EndGlobalSection
EndGlobal
